// !$*UTF8*$!
{
	archiveVersion = 1;
	classes = {
	};
	objectVersion = 56;
	objects = {

/* Begin PBXBuildFile section */
		67985356B293980D3D404A7A /* Pods_godot_jwt.framework in Frameworks */ = {isa = PBXBuildFile; fileRef = 8FC240A50D996E8A7EFBD7C2 /* Pods_godot_jwt.framework */; };
		6ECF71FA29BEE4AC00A9349A /* godot_jwt.mm in Sources */ = {isa = PBXBuildFile; fileRef = 6ECF71F929BEE4AC00A9349A /* godot_jwt.mm */; };
		6ECF71FB29BEE4AC00A9349A /* godot_jwt.h in CopyFiles */ = {isa = PBXBuildFile; fileRef = 6ECF71F829BEE4AC00A9349A /* godot_jwt.h */; };
		6ECF720429BEEF6200A9349A /* godot_jwt_implementation.mm in Sources */ = {isa = PBXBuildFile; fileRef = 6ECF720329BEEF6200A9349A /* godot_jwt_implementation.mm */; };
		6ECF720829BEF28700A9349A /* GodotJWTSwift.swift in Sources */ = {isa = PBXBuildFile; fileRef = 6ECF720729BEF28700A9349A /* GodotJWTSwift.swift */; };
		6ECF720C29BF1CDC00A9349A /* Configs.swift in Sources */ = {isa = PBXBuildFile; fileRef = 6ECF720B29BF1CDC00A9349A /* Configs.swift */; };
		6ECF720E29BF34FB00A9349A /* JWTPayload.swift in Sources */ = {isa = PBXBuildFile; fileRef = 6ECF720D29BF34FB00A9349A /* JWTPayload.swift */; };
/* End PBXBuildFile section */

/* Begin PBXCopyFilesBuildPhase section */
		6ECF71F329BEE4AC00A9349A /* CopyFiles */ = {
			isa = PBXCopyFilesBuildPhase;
			buildActionMask = 2147483647;
			dstPath = "include/$(PRODUCT_NAME)";
			dstSubfolderSpec = 16;
			files = (
				6ECF71FB29BEE4AC00A9349A /* godot_jwt.h in CopyFiles */,
			);
			runOnlyForDeploymentPostprocessing = 0;
		};
/* End PBXCopyFilesBuildPhase section */

/* Begin PBXFileReference section */
		59D9058FFEDA569565EDD3C5 /* Pods-godot-jwt.release.xcconfig */ = {isa = PBXFileReference; includeInIndex = 1; lastKnownFileType = text.xcconfig; name = "Pods-godot-jwt.release.xcconfig"; path = "Target Support Files/Pods-godot-jwt/Pods-godot-jwt.release.xcconfig"; sourceTree = "<group>"; };
		6ECF71F529BEE4AC00A9349A /* libgodot-jwt.a */ = {isa = PBXFileReference; explicitFileType = archive.ar; includeInIndex = 0; path = "libgodot-jwt.a"; sourceTree = BUILT_PRODUCTS_DIR; };
		6ECF71F829BEE4AC00A9349A /* godot_jwt.h */ = {isa = PBXFileReference; lastKnownFileType = sourcecode.c.h; path = godot_jwt.h; sourceTree = "<group>"; };
		6ECF71F929BEE4AC00A9349A /* godot_jwt.mm */ = {isa = PBXFileReference; lastKnownFileType = sourcecode.cpp.objcpp; path = godot_jwt.mm; sourceTree = "<group>"; };
		6ECF720229BEEEFF00A9349A /* godot_jwt_implementation.h */ = {isa = PBXFileReference; lastKnownFileType = sourcecode.c.h; path = godot_jwt_implementation.h; sourceTree = "<group>"; };
		6ECF720329BEEF6200A9349A /* godot_jwt_implementation.mm */ = {isa = PBXFileReference; lastKnownFileType = sourcecode.cpp.objcpp; path = godot_jwt_implementation.mm; sourceTree = "<group>"; };
		6ECF720529BEF07900A9349A /* godot */ = {isa = PBXFileReference; lastKnownFileType = folder; path = godot; sourceTree = "<group>"; };
		6ECF720629BEF28700A9349A /* godot-jwt-Bridging-Header.h */ = {isa = PBXFileReference; lastKnownFileType = sourcecode.c.h; path = "godot-jwt-Bridging-Header.h"; sourceTree = "<group>"; };
		6ECF720729BEF28700A9349A /* GodotJWTSwift.swift */ = {isa = PBXFileReference; lastKnownFileType = sourcecode.swift; path = GodotJWTSwift.swift; sourceTree = "<group>"; };
		6ECF720A29BF181C00A9349A /* AuthKey_T3DPA47M72.p8 */ = {isa = PBXFileReference; lastKnownFileType = text; path = AuthKey_T3DPA47M72.p8; sourceTree = "<group>"; };
		6ECF720B29BF1CDC00A9349A /* Configs.swift */ = {isa = PBXFileReference; lastKnownFileType = sourcecode.swift; path = Configs.swift; sourceTree = "<group>"; };
		6ECF720D29BF34FB00A9349A /* JWTPayload.swift */ = {isa = PBXFileReference; lastKnownFileType = sourcecode.swift; path = JWTPayload.swift; sourceTree = "<group>"; };
		8FC240A50D996E8A7EFBD7C2 /* Pods_godot_jwt.framework */ = {isa = PBXFileReference; explicitFileType = wrapper.framework; includeInIndex = 0; path = Pods_godot_jwt.framework; sourceTree = BUILT_PRODUCTS_DIR; };
		9A43CEBFE26F2A6C18B24230 /* Pods-godot-jwt.debug.xcconfig */ = {isa = PBXFileReference; includeInIndex = 1; lastKnownFileType = text.xcconfig; name = "Pods-godot-jwt.debug.xcconfig"; path = "Target Support Files/Pods-godot-jwt/Pods-godot-jwt.debug.xcconfig"; sourceTree = "<group>"; };
/* End PBXFileReference section */

/* Begin PBXFrameworksBuildPhase section */
		6ECF71F229BEE4AC00A9349A /* Frameworks */ = {
			isa = PBXFrameworksBuildPhase;
			buildActionMask = 2147483647;
			files = (
				67985356B293980D3D404A7A /* Pods_godot_jwt.framework in Frameworks */,
			);
			runOnlyForDeploymentPostprocessing = 0;
		};
/* End PBXFrameworksBuildPhase section */

/* Begin PBXGroup section */
		6ECF71EC29BEE4AC00A9349A = {
			isa = PBXGroup;
			children = (
				6ECF720529BEF07900A9349A /* godot */,
				6ECF71F729BEE4AC00A9349A /* godot-jwt */,
				6ECF71F629BEE4AC00A9349A /* Products */,
				8010241F22BA3EBD0BC1B2DD /* Pods */,
				A51CA2BA3F4C3EEDD4CED581 /* Frameworks */,
			);
			sourceTree = "<group>";
		};
		6ECF71F629BEE4AC00A9349A /* Products */ = {
			isa = PBXGroup;
			children = (
				6ECF71F529BEE4AC00A9349A /* libgodot-jwt.a */,
			);
			name = Products;
			sourceTree = "<group>";
		};
		6ECF71F729BEE4AC00A9349A /* godot-jwt */ = {
			isa = PBXGroup;
			children = (
				6ECF720A29BF181C00A9349A /* AuthKey_T3DPA47M72.p8 */,
				6ECF71F829BEE4AC00A9349A /* godot_jwt.h */,
				6ECF71F929BEE4AC00A9349A /* godot_jwt.mm */,
				6ECF720229BEEEFF00A9349A /* godot_jwt_implementation.h */,
				6ECF720329BEEF6200A9349A /* godot_jwt_implementation.mm */,
				6ECF720729BEF28700A9349A /* GodotJWTSwift.swift */,
				6ECF720B29BF1CDC00A9349A /* Configs.swift */,
				6ECF720D29BF34FB00A9349A /* JWTPayload.swift */,
				6ECF720629BEF28700A9349A /* godot-jwt-Bridging-Header.h */,
			);
			path = "godot-jwt";
			sourceTree = "<group>";
		};
		8010241F22BA3EBD0BC1B2DD /* Pods */ = {
			isa = PBXGroup;
			children = (
				9A43CEBFE26F2A6C18B24230 /* Pods-godot-jwt.debug.xcconfig */,
				59D9058FFEDA569565EDD3C5 /* Pods-godot-jwt.release.xcconfig */,
			);
			path = Pods;
			sourceTree = "<group>";
		};
		A51CA2BA3F4C3EEDD4CED581 /* Frameworks */ = {
			isa = PBXGroup;
			children = (
				8FC240A50D996E8A7EFBD7C2 /* Pods_godot_jwt.framework */,
			);
			name = Frameworks;
			sourceTree = "<group>";
		};
/* End PBXGroup section */

/* Begin PBXNativeTarget section */
		6ECF71F429BEE4AC00A9349A /* godot-jwt */ = {
			isa = PBXNativeTarget;
			buildConfigurationList = 6ECF71FE29BEE4AC00A9349A /* Build configuration list for PBXNativeTarget "godot-jwt" */;
			buildPhases = (
				BC87B4ED99CB062BE4E0D0C5 /* [CP] Check Pods Manifest.lock */,
				6ECF71F129BEE4AC00A9349A /* Sources */,
				6ECF71F229BEE4AC00A9349A /* Frameworks */,
				6ECF71F329BEE4AC00A9349A /* CopyFiles */,
			);
			buildRules = (
			);
			dependencies = (
			);
			name = "godot-jwt";
			productName = "godot-jwt";
			productReference = 6ECF71F529BEE4AC00A9349A /* libgodot-jwt.a */;
			productType = "com.apple.product-type.library.static";
		};
/* End PBXNativeTarget section */

/* Begin PBXProject section */
		6ECF71ED29BEE4AC00A9349A /* Project object */ = {
			isa = PBXProject;
			attributes = {
				BuildIndependentTargetsInParallel = 1;
				LastUpgradeCheck = 1420;
				TargetAttributes = {
					6ECF71F429BEE4AC00A9349A = {
						CreatedOnToolsVersion = 14.2;
						LastSwiftMigration = 1420;
					};
				};
			};
			buildConfigurationList = 6ECF71F029BEE4AC00A9349A /* Build configuration list for PBXProject "godot-jwt" */;
			compatibilityVersion = "Xcode 14.0";
			developmentRegion = en;
			hasScannedForEncodings = 0;
			knownRegions = (
				en,
				Base,
			);
			mainGroup = 6ECF71EC29BEE4AC00A9349A;
			productRefGroup = 6ECF71F629BEE4AC00A9349A /* Products */;
			projectDirPath = "";
			projectRoot = "";
			targets = (
				6ECF71F429BEE4AC00A9349A /* godot-jwt */,
			);
		};
/* End PBXProject section */

/* Begin PBXShellScriptBuildPhase section */
		BC87B4ED99CB062BE4E0D0C5 /* [CP] Check Pods Manifest.lock */ = {
			isa = PBXShellScriptBuildPhase;
			buildActionMask = 2147483647;
			files = (
			);
			inputFileListPaths = (
			);
			inputPaths = (
				"${PODS_PODFILE_DIR_PATH}/Podfile.lock",
				"${PODS_ROOT}/Manifest.lock",
			);
			name = "[CP] Check Pods Manifest.lock";
			outputFileListPaths = (
			);
			outputPaths = (
				"$(DERIVED_FILE_DIR)/Pods-godot-jwt-checkManifestLockResult.txt",
			);
			runOnlyForDeploymentPostprocessing = 0;
			shellPath = /bin/sh;
			shellScript = "diff \"${PODS_PODFILE_DIR_PATH}/Podfile.lock\" \"${PODS_ROOT}/Manifest.lock\" > /dev/null\nif [ $? != 0 ] ; then\n    # print error to STDERR\n    echo \"error: The sandbox is not in sync with the Podfile.lock. Run 'pod install' or update your CocoaPods installation.\" >&2\n    exit 1\nfi\n# This output is used by Xcode 'outputs' to avoid re-running this script phase.\necho \"SUCCESS\" > \"${SCRIPT_OUTPUT_FILE_0}\"\n";
			showEnvVarsInLog = 0;
		};
/* End PBXShellScriptBuildPhase section */

/* Begin PBXSourcesBuildPhase section */
		6ECF71F129BEE4AC00A9349A /* Sources */ = {
			isa = PBXSourcesBuildPhase;
			buildActionMask = 2147483647;
			files = (
				6ECF71FA29BEE4AC00A9349A /* godot_jwt.mm in Sources */,
				6ECF720C29BF1CDC00A9349A /* Configs.swift in Sources */,
				6ECF720429BEEF6200A9349A /* godot_jwt_implementation.mm in Sources */,
				6ECF720E29BF34FB00A9349A /* JWTPayload.swift in Sources */,
				6ECF720829BEF28700A9349A /* GodotJWTSwift.swift in Sources */,
			);
			runOnlyForDeploymentPostprocessing = 0;
		};
/* End PBXSourcesBuildPhase section */

/* Begin XCBuildConfiguration section */
		6ECF71FC29BEE4AC00A9349A /* Debug */ = {
			isa = XCBuildConfiguration;
			buildSettings = {
				ALWAYS_SEARCH_USER_PATHS = NO;
				CLANG_ANALYZER_NONNULL = YES;
				CLANG_ANALYZER_NUMBER_OBJECT_CONVERSION = YES_AGGRESSIVE;
				CLANG_CXX_LANGUAGE_STANDARD = "gnu++20";
				CLANG_ENABLE_MODULES = YES;
				CLANG_ENABLE_OBJC_ARC = YES;
				CLANG_ENABLE_OBJC_WEAK = YES;
				CLANG_WARN_BLOCK_CAPTURE_AUTORELEASING = YES;
				CLANG_WARN_BOOL_CONVERSION = YES;
				CLANG_WARN_COMMA = YES;
				CLANG_WARN_CONSTANT_CONVERSION = YES;
				CLANG_WARN_DEPRECATED_OBJC_IMPLEMENTATIONS = YES;
				CLANG_WARN_DIRECT_OBJC_ISA_USAGE = YES_ERROR;
				CLANG_WARN_DOCUMENTATION_COMMENTS = YES;
				CLANG_WARN_EMPTY_BODY = YES;
				CLANG_WARN_ENUM_CONVERSION = YES;
				CLANG_WARN_INFINITE_RECURSION = YES;
				CLANG_WARN_INT_CONVERSION = YES;
				CLANG_WARN_NON_LITERAL_NULL_CONVERSION = YES;
				CLANG_WARN_OBJC_IMPLICIT_RETAIN_SELF = YES;
				CLANG_WARN_OBJC_LITERAL_CONVERSION = YES;
				CLANG_WARN_OBJC_ROOT_CLASS = YES_ERROR;
				CLANG_WARN_QUOTED_INCLUDE_IN_FRAMEWORK_HEADER = YES;
				CLANG_WARN_RANGE_LOOP_ANALYSIS = YES;
				CLANG_WARN_STRICT_PROTOTYPES = YES;
				CLANG_WARN_SUSPICIOUS_MOVE = YES;
				CLANG_WARN_UNGUARDED_AVAILABILITY = YES_AGGRESSIVE;
				CLANG_WARN_UNREACHABLE_CODE = YES;
				CLANG_WARN__DUPLICATE_METHOD_MATCH = YES;
				COPY_PHASE_STRIP = NO;
				DEBUG_INFORMATION_FORMAT = dwarf;
				ENABLE_STRICT_OBJC_MSGSEND = YES;
				ENABLE_TESTABILITY = YES;
				GCC_C_LANGUAGE_STANDARD = gnu11;
				GCC_DYNAMIC_NO_PIC = NO;
				GCC_NO_COMMON_BLOCKS = YES;
				GCC_OPTIMIZATION_LEVEL = 0;
				GCC_PREPROCESSOR_DEFINITIONS = (
					"DEBUG=1",
					"$(inherited)",
				);
				GCC_WARN_64_TO_32_BIT_CONVERSION = YES;
				GCC_WARN_ABOUT_RETURN_TYPE = YES_ERROR;
				GCC_WARN_UNDECLARED_SELECTOR = YES;
				GCC_WARN_UNINITIALIZED_AUTOS = YES_AGGRESSIVE;
				GCC_WARN_UNUSED_FUNCTION = YES;
				GCC_WARN_UNUSED_VARIABLE = YES;
				IPHONEOS_DEPLOYMENT_TARGET = 13.0;
				MTL_ENABLE_DEBUG_INFO = INCLUDE_SOURCE;
				MTL_FAST_MATH = YES;
				ONLY_ACTIVE_ARCH = YES;
				SDKROOT = iphoneos;
			};
			name = Debug;
		};
		6ECF71FD29BEE4AC00A9349A /* Release */ = {
			isa = XCBuildConfiguration;
			buildSettings = {
				ALWAYS_SEARCH_USER_PATHS = NO;
				CLANG_ANALYZER_NONNULL = YES;
				CLANG_ANALYZER_NUMBER_OBJECT_CONVERSION = YES_AGGRESSIVE;
				CLANG_CXX_LANGUAGE_STANDARD = "gnu++20";
				CLANG_ENABLE_MODULES = YES;
				CLANG_ENABLE_OBJC_ARC = YES;
				CLANG_ENABLE_OBJC_WEAK = YES;
				CLANG_WARN_BLOCK_CAPTURE_AUTORELEASING = YES;
				CLANG_WARN_BOOL_CONVERSION = YES;
				CLANG_WARN_COMMA = YES;
				CLANG_WARN_CONSTANT_CONVERSION = YES;
				CLANG_WARN_DEPRECATED_OBJC_IMPLEMENTATIONS = YES;
				CLANG_WARN_DIRECT_OBJC_ISA_USAGE = YES_ERROR;
				CLANG_WARN_DOCUMENTATION_COMMENTS = YES;
				CLANG_WARN_EMPTY_BODY = YES;
				CLANG_WARN_ENUM_CONVERSION = YES;
				CLANG_WARN_INFINITE_RECURSION = YES;
				CLANG_WARN_INT_CONVERSION = YES;
				CLANG_WARN_NON_LITERAL_NULL_CONVERSION = YES;
				CLANG_WARN_OBJC_IMPLICIT_RETAIN_SELF = YES;
				CLANG_WARN_OBJC_LITERAL_CONVERSION = YES;
				CLANG_WARN_OBJC_ROOT_CLASS = YES_ERROR;
				CLANG_WARN_QUOTED_INCLUDE_IN_FRAMEWORK_HEADER = YES;
				CLANG_WARN_RANGE_LOOP_ANALYSIS = YES;
				CLANG_WARN_STRICT_PROTOTYPES = YES;
				CLANG_WARN_SUSPICIOUS_MOVE = YES;
				CLANG_WARN_UNGUARDED_AVAILABILITY = YES_AGGRESSIVE;
				CLANG_WARN_UNREACHABLE_CODE = YES;
				CLANG_WARN__DUPLICATE_METHOD_MATCH = YES;
				COPY_PHASE_STRIP = NO;
				DEBUG_INFORMATION_FORMAT = "dwarf-with-dsym";
				ENABLE_NS_ASSERTIONS = NO;
				ENABLE_STRICT_OBJC_MSGSEND = YES;
				GCC_C_LANGUAGE_STANDARD = gnu11;
				GCC_NO_COMMON_BLOCKS = YES;
				GCC_WARN_64_TO_32_BIT_CONVERSION = YES;
				GCC_WARN_ABOUT_RETURN_TYPE = YES_ERROR;
				GCC_WARN_UNDECLARED_SELECTOR = YES;
				GCC_WARN_UNINITIALIZED_AUTOS = YES_AGGRESSIVE;
				GCC_WARN_UNUSED_FUNCTION = YES;
				GCC_WARN_UNUSED_VARIABLE = YES;
				IPHONEOS_DEPLOYMENT_TARGET = 13.0;
				MTL_ENABLE_DEBUG_INFO = NO;
				MTL_FAST_MATH = YES;
				SDKROOT = iphoneos;
				VALIDATE_PRODUCT = YES;
			};
			name = Release;
		};
		6ECF71FF29BEE4AC00A9349A /* Debug */ = {
			isa = XCBuildConfiguration;
			baseConfigurationReference = 9A43CEBFE26F2A6C18B24230 /* Pods-godot-jwt.debug.xcconfig */;
			buildSettings = {
				CLANG_ENABLE_MODULES = YES;
				CODE_SIGN_STYLE = Automatic;
				DEFINES_MODULE = NO;
				DEVELOPMENT_TEAM = KFZAD2LF3N;
				HEADER_SEARCH_PATHS = (
					"$(SRCROOT)/godot",
					"$(SRCROOT)/godot/core",
					"$(SRCROOT)/godot/main",
					"$(SRCROOT)/godot/platform",
				);
				LD_RUNPATH_SEARCH_PATHS = (
					"$(inherited)",
					"@executable_path/Frameworks",
					"@loader_path/Frameworks",
				);
				OTHER_LDFLAGS = "-ObjC";
				PRODUCT_NAME = "$(TARGET_NAME)";
				SKIP_INSTALL = YES;
				SWIFT_OBJC_BRIDGING_HEADER = "godot-jwt/godot-jwt-Bridging-Header.h";
				SWIFT_OPTIMIZATION_LEVEL = "-Onone";
				SWIFT_VERSION = 5.0;
				TARGETED_DEVICE_FAMILY = "1,2";
			};
			name = Debug;
		};
		6ECF720029BEE4AC00A9349A /* Release */ = {
			isa = XCBuildConfiguration;
			baseConfigurationReference = 59D9058FFEDA569565EDD3C5 /* Pods-godot-jwt.release.xcconfig */;
			buildSettings = {
				CLANG_ENABLE_MODULES = YES;
				CODE_SIGN_STYLE = Automatic;
				DEFINES_MODULE = NO;
				DEVELOPMENT_TEAM = KFZAD2LF3N;
				HEADER_SEARCH_PATHS = (
					"$(SRCROOT)/godot",
					"$(SRCROOT)/godot/core",
					"$(SRCROOT)/godot/main",
					"$(SRCROOT)/godot/platform",
				);
				LD_RUNPATH_SEARCH_PATHS = (
					"$(inherited)",
					"@executable_path/Frameworks",
					"@loader_path/Frameworks",
				);
				OTHER_LDFLAGS = "-ObjC";
				PRODUCT_NAME = "$(TARGET_NAME)";
				SKIP_INSTALL = YES;
				SWIFT_OBJC_BRIDGING_HEADER = "godot-jwt/godot-jwt-Bridging-Header.h";
				SWIFT_VERSION = 5.0;
				TARGETED_DEVICE_FAMILY = "1,2";
			};
			name = Release;
		};
/* End XCBuildConfiguration section */

/* Begin XCConfigurationList section */
		6ECF71F029BEE4AC00A9349A /* Build configuration list for PBXProject "godot-jwt" */ = {
			isa = XCConfigurationList;
			buildConfigurations = (
				6ECF71FC29BEE4AC00A9349A /* Debug */,
				6ECF71FD29BEE4AC00A9349A /* Release */,
			);
			defaultConfigurationIsVisible = 0;
			defaultConfigurationName = Release;
		};
		6ECF71FE29BEE4AC00A9349A /* Build configuration list for PBXNativeTarget "godot-jwt" */ = {
			isa = XCConfigurationList;
			buildConfigurations = (
				6ECF71FF29BEE4AC00A9349A /* Debug */,
				6ECF720029BEE4AC00A9349A /* Release */,
			);
			defaultConfigurationIsVisible = 0;
			defaultConfigurationName = Release;
		};
/* End XCConfigurationList section */
	};
	rootObject = 6ECF71ED29BEE4AC00A9349A /* Project object */;
}
